
Microsoft Visual Studio Solution File, Format Version 11.00
# Visual C# Express 2010
Project("{FAE04EC0-301F-11D3-BF4B-00C04F79EFBC}") = "PyramidPanic", "PyramidPanic\PyramidPanic\PyramidPanic.csproj", "{226BF0C6-8825-4239-B265-49ABEF134275}"
EndProject
Project("{96E2B04D-8817-42C6-938A-82C39BA4D311}") = "PyramidPanicContent", "PyramidPanic\PyramidPanicContent\PyramidPanicContent.contentproj", "{0405FAA9-A2F9-495E-8635-2C304325D5EA}"
EndProject
Global
	GlobalSection(SolutionConfigurationPlatforms) = preSolution
		Debug|x86 = Debug|x86
		Release|x86 = Release|x86
	EndGlobalSection
	GlobalSection(ProjectConfigurationPlatforms) = postSolution
		{226BF0C6-8825-4239-B265-49ABEF134275}.Debug|x86.ActiveCfg = Debug|x86
		{226BF0C6-8825-4239-B265-49ABEF134275}.Debug|x86.Build.0 = Debug|x86
		{226BF0C6-8825-4239-B265-49ABEF134275}.Release|x86.ActiveCfg = Release|x86
		{226BF0C6-8825-4239-B265-49ABEF134275}.Release|x86.Build.0 = Release|x86
		{0405FAA9-A2F9-495E-8635-2C304325D5EA}.Debug|x86.ActiveCfg = Debug|x86
		{0405FAA9-A2F9-495E-8635-2C304325D5EA}.Release|x86.ActiveCfg = Release|x86
	EndGlobalSection
	GlobalSection(SolutionProperties) = preSolution
		HideSolutionNode = FALSE
	EndGlobalSection
EndGlobal
